
Microsoft Visual Studio Solution File, Format Version 12.00
# Visual Studio 2012
Project("{FAE04EC0-301F-11D3-BF4B-00C04F79EFBC}") = "SuperMemo", "SuperMemo\SuperMemo.csproj", "{F5FE3AA9-2226-4119-835B-781C2AD26B6C}"
EndProject
Project("{FAE04EC0-301F-11D3-BF4B-00C04F79EFBC}") = "SuperMemo.BL", "SuperMemo.BL\SuperMemo.BL.csproj", "{C51901A8-4534-4F1C-BA88-897387BDC2FF}"
EndProject
Project("{FAE04EC0-301F-11D3-BF4B-00C04F79EFBC}") = "SuperMemo.SM2.Implementation", "SuperMemo.SM2.Implementation\SuperMemo.SM2.Implementation.csproj", "{D133D694-C1F8-43AA-A313-28519A81A347}"
EndProject
Global
	GlobalSection(SolutionConfigurationPlatforms) = preSolution
		Debug|Any CPU = Debug|Any CPU
		Release|Any CPU = Release|Any CPU
	EndGlobalSection
	GlobalSection(ProjectConfigurationPlatforms) = postSolution
		{F5FE3AA9-2226-4119-835B-781C2AD26B6C}.Debug|Any CPU.ActiveCfg = Debug|Any CPU
		{F5FE3AA9-2226-4119-835B-781C2AD26B6C}.Debug|Any CPU.Build.0 = Debug|Any CPU
		{F5FE3AA9-2226-4119-835B-781C2AD26B6C}.Release|Any CPU.ActiveCfg = Release|Any CPU
		{F5FE3AA9-2226-4119-835B-781C2AD26B6C}.Release|Any CPU.Build.0 = Release|Any CPU
		{C51901A8-4534-4F1C-BA88-897387BDC2FF}.Debug|Any CPU.ActiveCfg = Debug|Any CPU
		{C51901A8-4534-4F1C-BA88-897387BDC2FF}.Debug|Any CPU.Build.0 = Debug|Any CPU
		{C51901A8-4534-4F1C-BA88-897387BDC2FF}.Release|Any CPU.ActiveCfg = Release|Any CPU
		{C51901A8-4534-4F1C-BA88-897387BDC2FF}.Release|Any CPU.Build.0 = Release|Any CPU
		{3CE5DBEB-4895-480E-AD16-27259C067D28}.Debug|Any CPU.ActiveCfg = Debug|Any CPU
		{3CE5DBEB-4895-480E-AD16-27259C067D28}.Debug|Any CPU.Build.0 = Debug|Any CPU
		{3CE5DBEB-4895-480E-AD16-27259C067D28}.Release|Any CPU.ActiveCfg = Release|Any CPU
		{3CE5DBEB-4895-480E-AD16-27259C067D28}.Release|Any CPU.Build.0 = Release|Any CPU
		{D133D694-C1F8-43AA-A313-28519A81A347}.Debug|Any CPU.ActiveCfg = Debug|Any CPU
		{D133D694-C1F8-43AA-A313-28519A81A347}.Debug|Any CPU.Build.0 = Debug|Any CPU
		{D133D694-C1F8-43AA-A313-28519A81A347}.Release|Any CPU.ActiveCfg = Release|Any CPU
		{D133D694-C1F8-43AA-A313-28519A81A347}.Release|Any CPU.Build.0 = Release|Any CPU
	EndGlobalSection
	GlobalSection(SolutionProperties) = preSolution
		HideSolutionNode = FALSE
	EndGlobalSection
EndGlobal
